
Microsoft Visual Studio Solution File, Format Version 12.00
# Visual Studio Version 17
VisualStudioVersion = 17.13.35828.75 d17.13
MinimumVisualStudioVersion = 10.0.40219.1
Project("{FAE04EC0-301F-11D3-BF4B-00C04F79EFBC}") = "MediatorLibrary", "MediatorLibrary\MediatorLibrary.csproj", "{2C1072D9-E3EF-4558-9EB2-94FD4DC9C25A}"
EndProject
Project("{FAE04EC0-301F-11D3-BF4B-00C04F79EFBC}") = "ConsoleApp-task2", "ConsoleApp-task2\ConsoleApp-task2.csproj", "{FE7749B4-B6A6-414E-A38D-A2AF8BC19BCB}"
EndProject
Global
	GlobalSection(SolutionConfigurationPlatforms) = preSolution
		Debug|Any CPU = Debug|Any CPU
		Release|Any CPU = Release|Any CPU
	EndGlobalSection
	GlobalSection(ProjectConfigurationPlatforms) = postSolution
		{2C1072D9-E3EF-4558-9EB2-94FD4DC9C25A}.Debug|Any CPU.ActiveCfg = Debug|Any CPU
		{2C1072D9-E3EF-4558-9EB2-94FD4DC9C25A}.Debug|Any CPU.Build.0 = Debug|Any CPU
		{2C1072D9-E3EF-4558-9EB2-94FD4DC9C25A}.Release|Any CPU.ActiveCfg = Release|Any CPU
		{2C1072D9-E3EF-4558-9EB2-94FD4DC9C25A}.Release|Any CPU.Build.0 = Release|Any CPU
		{FE7749B4-B6A6-414E-A38D-A2AF8BC19BCB}.Debug|Any CPU.ActiveCfg = Debug|Any CPU
		{FE7749B4-B6A6-414E-A38D-A2AF8BC19BCB}.Debug|Any CPU.Build.0 = Debug|Any CPU
		{FE7749B4-B6A6-414E-A38D-A2AF8BC19BCB}.Release|Any CPU.ActiveCfg = Release|Any CPU
		{FE7749B4-B6A6-414E-A38D-A2AF8BC19BCB}.Release|Any CPU.Build.0 = Release|Any CPU
	EndGlobalSection
	GlobalSection(SolutionProperties) = preSolution
		HideSolutionNode = FALSE
	EndGlobalSection
	GlobalSection(ExtensibilityGlobals) = postSolution
		SolutionGuid = {A34AB9E3-0CCA-473C-A223-10BC380D6C15}
	EndGlobalSection
EndGlobal
