
Microsoft Visual Studio Solution File, Format Version 12.00
# Visual Studio Version 17
VisualStudioVersion = 17.9.34622.214
MinimumVisualStudioVersion = 10.0.40219.1
Project("{FAE04EC0-301F-11D3-BF4B-00C04F79EFBC}") = "Prototype", "Prototype\Prototype.csproj", "{3F804145-29F3-4C6E-B3F5-7D1E598115CA}"
EndProject
Project("{FAE04EC0-301F-11D3-BF4B-00C04F79EFBC}") = "ConsoleApp4", "ConsoleApp4\ConsoleApp4.csproj", "{4BB7A544-A4B0-459C-9AEE-ABC02C19F0DF}"
EndProject
Global
	GlobalSection(SolutionConfigurationPlatforms) = preSolution
		Debug|Any CPU = Debug|Any CPU
		Release|Any CPU = Release|Any CPU
	EndGlobalSection
	GlobalSection(ProjectConfigurationPlatforms) = postSolution
		{3F804145-29F3-4C6E-B3F5-7D1E598115CA}.Debug|Any CPU.ActiveCfg = Debug|Any CPU
		{3F804145-29F3-4C6E-B3F5-7D1E598115CA}.Debug|Any CPU.Build.0 = Debug|Any CPU
		{3F804145-29F3-4C6E-B3F5-7D1E598115CA}.Release|Any CPU.ActiveCfg = Release|Any CPU
		{3F804145-29F3-4C6E-B3F5-7D1E598115CA}.Release|Any CPU.Build.0 = Release|Any CPU
		{4BB7A544-A4B0-459C-9AEE-ABC02C19F0DF}.Debug|Any CPU.ActiveCfg = Debug|Any CPU
		{4BB7A544-A4B0-459C-9AEE-ABC02C19F0DF}.Debug|Any CPU.Build.0 = Debug|Any CPU
		{4BB7A544-A4B0-459C-9AEE-ABC02C19F0DF}.Release|Any CPU.ActiveCfg = Release|Any CPU
		{4BB7A544-A4B0-459C-9AEE-ABC02C19F0DF}.Release|Any CPU.Build.0 = Release|Any CPU
	EndGlobalSection
	GlobalSection(SolutionProperties) = preSolution
		HideSolutionNode = FALSE
	EndGlobalSection
	GlobalSection(ExtensibilityGlobals) = postSolution
		SolutionGuid = {92C2D537-8E92-42BA-B4EA-40B7BA51A276}
	EndGlobalSection
EndGlobal
