
Microsoft Visual Studio Solution File, Format Version 12.00
# Visual Studio Version 17
VisualStudioVersion = 17.13.35828.75 d17.13
MinimumVisualStudioVersion = 10.0.40219.1
Project("{FAE04EC0-301F-11D3-BF4B-00C04F79EFBC}") = "MementoLibrary", "MementoLibrary\MementoLibrary.csproj", "{83203459-E059-46DD-825F-066A57BA47FD}"
EndProject
Project("{FAE04EC0-301F-11D3-BF4B-00C04F79EFBC}") = "ConsoleApp-task5", "ConsoleApp-task5\ConsoleApp-task5.csproj", "{57AFDDD2-A1B9-43FE-8A8D-D96AF3557AB9}"
EndProject
Global
	GlobalSection(SolutionConfigurationPlatforms) = preSolution
		Debug|Any CPU = Debug|Any CPU
		Release|Any CPU = Release|Any CPU
	EndGlobalSection
	GlobalSection(ProjectConfigurationPlatforms) = postSolution
		{83203459-E059-46DD-825F-066A57BA47FD}.Debug|Any CPU.ActiveCfg = Debug|Any CPU
		{83203459-E059-46DD-825F-066A57BA47FD}.Debug|Any CPU.Build.0 = Debug|Any CPU
		{83203459-E059-46DD-825F-066A57BA47FD}.Release|Any CPU.ActiveCfg = Release|Any CPU
		{83203459-E059-46DD-825F-066A57BA47FD}.Release|Any CPU.Build.0 = Release|Any CPU
		{57AFDDD2-A1B9-43FE-8A8D-D96AF3557AB9}.Debug|Any CPU.ActiveCfg = Debug|Any CPU
		{57AFDDD2-A1B9-43FE-8A8D-D96AF3557AB9}.Debug|Any CPU.Build.0 = Debug|Any CPU
		{57AFDDD2-A1B9-43FE-8A8D-D96AF3557AB9}.Release|Any CPU.ActiveCfg = Release|Any CPU
		{57AFDDD2-A1B9-43FE-8A8D-D96AF3557AB9}.Release|Any CPU.Build.0 = Release|Any CPU
	EndGlobalSection
	GlobalSection(SolutionProperties) = preSolution
		HideSolutionNode = FALSE
	EndGlobalSection
	GlobalSection(ExtensibilityGlobals) = postSolution
		SolutionGuid = {4CAF6B5A-73A1-4066-876E-A5549BEEA221}
	EndGlobalSection
EndGlobal
