
Microsoft Visual Studio Solution File, Format Version 12.00
# Visual Studio Version 17
VisualStudioVersion = 17.9.34622.214
MinimumVisualStudioVersion = 10.0.40219.1
Project("{FAE04EC0-301F-11D3-BF4B-00C04F79EFBC}") = "ProductWarehouse", "ProductWarehouse\ProductWarehouse.csproj", "{D2E51103-2B91-4E41-B9B1-FC5F6B409C1B}"
	ProjectSection(ProjectDependencies) = postProject
		{7CC5E52E-6897-425F-854A-FECE0E1CA952} = {7CC5E52E-6897-425F-854A-FECE0E1CA952}
	EndProjectSection
EndProject
Project("{FAE04EC0-301F-11D3-BF4B-00C04F79EFBC}") = "ProductWarehouseLibrary", "ProductWarehouseLibrary\ProductWarehouseLibrary.csproj", "{7CC5E52E-6897-425F-854A-FECE0E1CA952}"
EndProject
Global
	GlobalSection(SolutionConfigurationPlatforms) = preSolution
		Debug|Any CPU = Debug|Any CPU
		Release|Any CPU = Release|Any CPU
	EndGlobalSection
	GlobalSection(ProjectConfigurationPlatforms) = postSolution
		{D2E51103-2B91-4E41-B9B1-FC5F6B409C1B}.Debug|Any CPU.ActiveCfg = Debug|Any CPU
		{D2E51103-2B91-4E41-B9B1-FC5F6B409C1B}.Debug|Any CPU.Build.0 = Debug|Any CPU
		{D2E51103-2B91-4E41-B9B1-FC5F6B409C1B}.Release|Any CPU.ActiveCfg = Release|Any CPU
		{D2E51103-2B91-4E41-B9B1-FC5F6B409C1B}.Release|Any CPU.Build.0 = Release|Any CPU
		{7CC5E52E-6897-425F-854A-FECE0E1CA952}.Debug|Any CPU.ActiveCfg = Debug|Any CPU
		{7CC5E52E-6897-425F-854A-FECE0E1CA952}.Debug|Any CPU.Build.0 = Debug|Any CPU
		{7CC5E52E-6897-425F-854A-FECE0E1CA952}.Release|Any CPU.ActiveCfg = Release|Any CPU
		{7CC5E52E-6897-425F-854A-FECE0E1CA952}.Release|Any CPU.Build.0 = Release|Any CPU
	EndGlobalSection
	GlobalSection(SolutionProperties) = preSolution
		HideSolutionNode = FALSE
	EndGlobalSection
	GlobalSection(ExtensibilityGlobals) = postSolution
		SolutionGuid = {A5E9AC10-14AC-4BDC-88E3-946F4C03A460}
	EndGlobalSection
EndGlobal
