
Microsoft Visual Studio Solution File, Format Version 12.00
# Visual Studio Version 17
VisualStudioVersion = 17.13.35828.75 d17.13
MinimumVisualStudioVersion = 10.0.40219.1
Project("{FAE04EC0-301F-11D3-BF4B-00C04F79EFBC}") = "LibraryChainOfResponsibility", "LibraryChainOfResponsibility\LibraryChainOfResponsibility.csproj", "{1E530F98-4F6D-47D6-B733-C9B5ED80ED9F}"
EndProject
Project("{FAE04EC0-301F-11D3-BF4B-00C04F79EFBC}") = "ConsoleApp-task1", "ConsoleApp-task1\ConsoleApp-task1.csproj", "{FBDBAF6D-BDAA-41AC-8309-99052F72E940}"
EndProject
Global
	GlobalSection(SolutionConfigurationPlatforms) = preSolution
		Debug|Any CPU = Debug|Any CPU
		Release|Any CPU = Release|Any CPU
	EndGlobalSection
	GlobalSection(ProjectConfigurationPlatforms) = postSolution
		{1E530F98-4F6D-47D6-B733-C9B5ED80ED9F}.Debug|Any CPU.ActiveCfg = Debug|Any CPU
		{1E530F98-4F6D-47D6-B733-C9B5ED80ED9F}.Debug|Any CPU.Build.0 = Debug|Any CPU
		{1E530F98-4F6D-47D6-B733-C9B5ED80ED9F}.Release|Any CPU.ActiveCfg = Release|Any CPU
		{1E530F98-4F6D-47D6-B733-C9B5ED80ED9F}.Release|Any CPU.Build.0 = Release|Any CPU
		{FBDBAF6D-BDAA-41AC-8309-99052F72E940}.Debug|Any CPU.ActiveCfg = Debug|Any CPU
		{FBDBAF6D-BDAA-41AC-8309-99052F72E940}.Debug|Any CPU.Build.0 = Debug|Any CPU
		{FBDBAF6D-BDAA-41AC-8309-99052F72E940}.Release|Any CPU.ActiveCfg = Release|Any CPU
		{FBDBAF6D-BDAA-41AC-8309-99052F72E940}.Release|Any CPU.Build.0 = Release|Any CPU
	EndGlobalSection
	GlobalSection(SolutionProperties) = preSolution
		HideSolutionNode = FALSE
	EndGlobalSection
	GlobalSection(ExtensibilityGlobals) = postSolution
		SolutionGuid = {281582F6-2CBA-473F-BF5D-ADB25B487C76}
	EndGlobalSection
EndGlobal
